
Microsoft Visual Studio Solution File, Format Version 12.00
Project("{FAE04EC0-301F-11D3-BF4B-00C04F79EFBC}") = "Hx002", "Hx002\Hx002.csproj", "{58603D89-8994-4F39-81A0-4D482AF7839B}"
EndProject
Global
	GlobalSection(SolutionConfigurationPlatforms) = preSolution
		Debug|Any CPU = Debug|Any CPU
		Release|Any CPU = Release|Any CPU
	EndGlobalSection
	GlobalSection(ProjectConfigurationPlatforms) = postSolution
		{58603D89-8994-4F39-81A0-4D482AF7839B}.Debug|Any CPU.ActiveCfg = Debug|Any CPU
		{58603D89-8994-4F39-81A0-4D482AF7839B}.Debug|Any CPU.Build.0 = Debug|Any CPU
		{58603D89-8994-4F39-81A0-4D482AF7839B}.Release|Any CPU.ActiveCfg = Release|Any CPU
		{58603D89-8994-4F39-81A0-4D482AF7839B}.Release|Any CPU.Build.0 = Release|Any CPU
	EndGlobalSection
EndGlobal
